
Microsoft Visual Studio Solution File, Format Version 12.00
# Visual Studio Version 17
VisualStudioVersion = 17.2.32526.322
MinimumVisualStudioVersion = 10.0.40219.1
Project("{FAE04EC0-301F-11D3-BF4B-00C04F79EFBC}") = "03. Travel Agency", "03. Travel Agency.csproj", "{7B881682-8F62-4DFF-A66F-9EEED0A2A605}"
EndProject
Global
	GlobalSection(SolutionConfigurationPlatforms) = preSolution
		Debug|Any CPU = Debug|Any CPU
		Release|Any CPU = Release|Any CPU
	EndGlobalSection
	GlobalSection(ProjectConfigurationPlatforms) = postSolution
		{7B881682-8F62-4DFF-A66F-9EEED0A2A605}.Debug|Any CPU.ActiveCfg = Debug|Any CPU
		{7B881682-8F62-4DFF-A66F-9EEED0A2A605}.Debug|Any CPU.Build.0 = Debug|Any CPU
		{7B881682-8F62-4DFF-A66F-9EEED0A2A605}.Release|Any CPU.ActiveCfg = Release|Any CPU
		{7B881682-8F62-4DFF-A66F-9EEED0A2A605}.Release|Any CPU.Build.0 = Release|Any CPU
	EndGlobalSection
	GlobalSection(SolutionProperties) = preSolution
		HideSolutionNode = FALSE
	EndGlobalSection
	GlobalSection(ExtensibilityGlobals) = postSolution
		SolutionGuid = {A7C815AC-3AE3-4A3C-B3D9-BCCA848CF0D6}
	EndGlobalSection
EndGlobal
