
Microsoft Visual Studio Solution File, Format Version 12.00
# Visual Studio Version 17
VisualStudioVersion = 17.7.34302.85
MinimumVisualStudioVersion = 10.0.40219.1
Project("{FAE04EC0-301F-11D3-BF4B-00C04F79EFBC}") = "03_Raiding", "03_Raiding.csproj", "{F787659D-2299-4899-8805-6DB1775191A6}"
EndProject
Global
	GlobalSection(SolutionConfigurationPlatforms) = preSolution
		Debug|Any CPU = Debug|Any CPU
		Release|Any CPU = Release|Any CPU
	EndGlobalSection
	GlobalSection(ProjectConfigurationPlatforms) = postSolution
		{F787659D-2299-4899-8805-6DB1775191A6}.Debug|Any CPU.ActiveCfg = Debug|Any CPU
		{F787659D-2299-4899-8805-6DB1775191A6}.Debug|Any CPU.Build.0 = Debug|Any CPU
		{F787659D-2299-4899-8805-6DB1775191A6}.Release|Any CPU.ActiveCfg = Release|Any CPU
		{F787659D-2299-4899-8805-6DB1775191A6}.Release|Any CPU.Build.0 = Release|Any CPU
	EndGlobalSection
	GlobalSection(SolutionProperties) = preSolution
		HideSolutionNode = FALSE
	EndGlobalSection
	GlobalSection(ExtensibilityGlobals) = postSolution
		SolutionGuid = {CBAC1091-C8A1-4F27-AA65-F5A87259E1B5}
	EndGlobalSection
EndGlobal
