
Microsoft Visual Studio Solution File, Format Version 12.00
# Visual Studio Version 17
VisualStudioVersion = 17.2.32526.322
MinimumVisualStudioVersion = 10.0.40219.1
Project("{FAE04EC0-301F-11D3-BF4B-00C04F79EFBC}") = "04. Club", "04. Club.csproj", "{4C35B2FB-242B-44BC-97EE-DB75C219D408}"
EndProject
Global
	GlobalSection(SolutionConfigurationPlatforms) = preSolution
		Debug|Any CPU = Debug|Any CPU
		Release|Any CPU = Release|Any CPU
	EndGlobalSection
	GlobalSection(ProjectConfigurationPlatforms) = postSolution
		{4C35B2FB-242B-44BC-97EE-DB75C219D408}.Debug|Any CPU.ActiveCfg = Debug|Any CPU
		{4C35B2FB-242B-44BC-97EE-DB75C219D408}.Debug|Any CPU.Build.0 = Debug|Any CPU
		{4C35B2FB-242B-44BC-97EE-DB75C219D408}.Release|Any CPU.ActiveCfg = Release|Any CPU
		{4C35B2FB-242B-44BC-97EE-DB75C219D408}.Release|Any CPU.Build.0 = Release|Any CPU
	EndGlobalSection
	GlobalSection(SolutionProperties) = preSolution
		HideSolutionNode = FALSE
	EndGlobalSection
	GlobalSection(ExtensibilityGlobals) = postSolution
		SolutionGuid = {1106D65D-EE11-48D7-89A9-A9FD3369C542}
	EndGlobalSection
EndGlobal
