
Microsoft Visual Studio Solution File, Format Version 12.00
# Visual Studio Version 17
VisualStudioVersion = 17.7.34024.191
MinimumVisualStudioVersion = 10.0.40219.1
Project("{FAE04EC0-301F-11D3-BF4B-00C04F79EFBC}") = "01._Monster_Extermination", "01._Monster_Extermination\01._Monster_Extermination.csproj", "{3A017FE9-5991-4986-900D-207B7D121DDB}"
EndProject
Project("{FAE04EC0-301F-11D3-BF4B-00C04F79EFBC}") = "02. Delivery Boy", "02. Delivery Boy\02. Delivery Boy.csproj", "{9EE6062A-5F1E-40B9-AD74-8C9B3C9C6915}"
EndProject
Project("{9A19103F-16F7-4668-BE54-9A1E7A4F7556}") = "VendingSystem", "VendingSystem_Skeleton_netcoreapp6.0\VendingSystem\VendingSystem.csproj", "{E5C2BA30-310A-4C0B-806C-DF749AF74F81}"
EndProject
Global
	GlobalSection(SolutionConfigurationPlatforms) = preSolution
		Debug|Any CPU = Debug|Any CPU
		Release|Any CPU = Release|Any CPU
	EndGlobalSection
	GlobalSection(ProjectConfigurationPlatforms) = postSolution
		{3A017FE9-5991-4986-900D-207B7D121DDB}.Debug|Any CPU.ActiveCfg = Debug|Any CPU
		{3A017FE9-5991-4986-900D-207B7D121DDB}.Debug|Any CPU.Build.0 = Debug|Any CPU
		{3A017FE9-5991-4986-900D-207B7D121DDB}.Release|Any CPU.ActiveCfg = Release|Any CPU
		{3A017FE9-5991-4986-900D-207B7D121DDB}.Release|Any CPU.Build.0 = Release|Any CPU
		{9EE6062A-5F1E-40B9-AD74-8C9B3C9C6915}.Debug|Any CPU.ActiveCfg = Debug|Any CPU
		{9EE6062A-5F1E-40B9-AD74-8C9B3C9C6915}.Debug|Any CPU.Build.0 = Debug|Any CPU
		{9EE6062A-5F1E-40B9-AD74-8C9B3C9C6915}.Release|Any CPU.ActiveCfg = Release|Any CPU
		{9EE6062A-5F1E-40B9-AD74-8C9B3C9C6915}.Release|Any CPU.Build.0 = Release|Any CPU
		{E5C2BA30-310A-4C0B-806C-DF749AF74F81}.Debug|Any CPU.ActiveCfg = Debug|Any CPU
		{E5C2BA30-310A-4C0B-806C-DF749AF74F81}.Debug|Any CPU.Build.0 = Debug|Any CPU
		{E5C2BA30-310A-4C0B-806C-DF749AF74F81}.Release|Any CPU.ActiveCfg = Release|Any CPU
		{E5C2BA30-310A-4C0B-806C-DF749AF74F81}.Release|Any CPU.Build.0 = Release|Any CPU
	EndGlobalSection
	GlobalSection(SolutionProperties) = preSolution
		HideSolutionNode = FALSE
	EndGlobalSection
	GlobalSection(ExtensibilityGlobals) = postSolution
		SolutionGuid = {0E368A74-43C0-4BAB-A32F-9011BCEAB00E}
	EndGlobalSection
EndGlobal
