
Microsoft Visual Studio Solution File, Format Version 12.00
# Visual Studio Version 17
VisualStudioVersion = 17.2.32526.322
MinimumVisualStudioVersion = 10.0.40219.1
Project("{FAE04EC0-301F-11D3-BF4B-00C04F79EFBC}") = "05. PC Game Shop", "05. PC Game Shop.csproj", "{0976167B-A896-4465-B915-9F339464B74A}"
EndProject
Global
	GlobalSection(SolutionConfigurationPlatforms) = preSolution
		Debug|Any CPU = Debug|Any CPU
		Release|Any CPU = Release|Any CPU
	EndGlobalSection
	GlobalSection(ProjectConfigurationPlatforms) = postSolution
		{0976167B-A896-4465-B915-9F339464B74A}.Debug|Any CPU.ActiveCfg = Debug|Any CPU
		{0976167B-A896-4465-B915-9F339464B74A}.Debug|Any CPU.Build.0 = Debug|Any CPU
		{0976167B-A896-4465-B915-9F339464B74A}.Release|Any CPU.ActiveCfg = Release|Any CPU
		{0976167B-A896-4465-B915-9F339464B74A}.Release|Any CPU.Build.0 = Release|Any CPU
	EndGlobalSection
	GlobalSection(SolutionProperties) = preSolution
		HideSolutionNode = FALSE
	EndGlobalSection
	GlobalSection(ExtensibilityGlobals) = postSolution
		SolutionGuid = {FE0BAB43-2A8A-4D33-B62F-464EA3D6EE98}
	EndGlobalSection
EndGlobal
