
Microsoft Visual Studio Solution File, Format Version 12.00
# Visual Studio Version 17
VisualStudioVersion = 17.2.32526.322
MinimumVisualStudioVersion = 10.0.40219.1
Project("{FAE04EC0-301F-11D3-BF4B-00C04F79EFBC}") = "01. Pool Day", "01. Pool Day.csproj", "{755DD741-3AA1-444F-BC84-4B2AE2FB0574}"
EndProject
Global
	GlobalSection(SolutionConfigurationPlatforms) = preSolution
		Debug|Any CPU = Debug|Any CPU
		Release|Any CPU = Release|Any CPU
	EndGlobalSection
	GlobalSection(ProjectConfigurationPlatforms) = postSolution
		{755DD741-3AA1-444F-BC84-4B2AE2FB0574}.Debug|Any CPU.ActiveCfg = Debug|Any CPU
		{755DD741-3AA1-444F-BC84-4B2AE2FB0574}.Debug|Any CPU.Build.0 = Debug|Any CPU
		{755DD741-3AA1-444F-BC84-4B2AE2FB0574}.Release|Any CPU.ActiveCfg = Release|Any CPU
		{755DD741-3AA1-444F-BC84-4B2AE2FB0574}.Release|Any CPU.Build.0 = Release|Any CPU
	EndGlobalSection
	GlobalSection(SolutionProperties) = preSolution
		HideSolutionNode = FALSE
	EndGlobalSection
	GlobalSection(ExtensibilityGlobals) = postSolution
		SolutionGuid = {E2A5E963-7146-4660-B49C-413289EBC10A}
	EndGlobalSection
EndGlobal
