
Microsoft Visual Studio Solution File, Format Version 12.00
# Visual Studio Version 17
VisualStudioVersion = 17.7.34024.191
MinimumVisualStudioVersion = 10.0.40219.1
Project("{9A19103F-16F7-4668-BE54-9A1E7A4F7556}") = "01. Barista Contest", "01. Barista Contest\01. Barista Contest.csproj", "{064BE304-FD2B-4A9B-A9A5-32701A530446}"
EndProject
Project("{9A19103F-16F7-4668-BE54-9A1E7A4F7556}") = "02. Help-A-Mole", "02. Help-A-Mole\02. Help-A-Mole.csproj", "{53086352-18B8-466B-8069-FA03CFAA1B38}"
EndProject
Project("{9A19103F-16F7-4668-BE54-9A1E7A4F7556}") = "Basketball", "03.Basketball\Basketball.csproj", "{13507F71-6BD2-4AD6-AED1-7B69AD09FEBE}"
EndProject
Global
	GlobalSection(SolutionConfigurationPlatforms) = preSolution
		Debug|Any CPU = Debug|Any CPU
		Release|Any CPU = Release|Any CPU
	EndGlobalSection
	GlobalSection(ProjectConfigurationPlatforms) = postSolution
		{064BE304-FD2B-4A9B-A9A5-32701A530446}.Debug|Any CPU.ActiveCfg = Debug|Any CPU
		{064BE304-FD2B-4A9B-A9A5-32701A530446}.Debug|Any CPU.Build.0 = Debug|Any CPU
		{064BE304-FD2B-4A9B-A9A5-32701A530446}.Release|Any CPU.ActiveCfg = Release|Any CPU
		{064BE304-FD2B-4A9B-A9A5-32701A530446}.Release|Any CPU.Build.0 = Release|Any CPU
		{53086352-18B8-466B-8069-FA03CFAA1B38}.Debug|Any CPU.ActiveCfg = Debug|Any CPU
		{53086352-18B8-466B-8069-FA03CFAA1B38}.Debug|Any CPU.Build.0 = Debug|Any CPU
		{53086352-18B8-466B-8069-FA03CFAA1B38}.Release|Any CPU.ActiveCfg = Release|Any CPU
		{53086352-18B8-466B-8069-FA03CFAA1B38}.Release|Any CPU.Build.0 = Release|Any CPU
		{13507F71-6BD2-4AD6-AED1-7B69AD09FEBE}.Debug|Any CPU.ActiveCfg = Debug|Any CPU
		{13507F71-6BD2-4AD6-AED1-7B69AD09FEBE}.Debug|Any CPU.Build.0 = Debug|Any CPU
		{13507F71-6BD2-4AD6-AED1-7B69AD09FEBE}.Release|Any CPU.ActiveCfg = Release|Any CPU
		{13507F71-6BD2-4AD6-AED1-7B69AD09FEBE}.Release|Any CPU.Build.0 = Release|Any CPU
	EndGlobalSection
	GlobalSection(SolutionProperties) = preSolution
		HideSolutionNode = FALSE
	EndGlobalSection
	GlobalSection(ExtensibilityGlobals) = postSolution
		SolutionGuid = {6C4A0C32-1716-4E11-ACC6-96B0DF6794AD}
	EndGlobalSection
EndGlobal
