
Microsoft Visual Studio Solution File, Format Version 12.00
# Visual Studio Version 17
VisualStudioVersion = 17.6.33815.320
MinimumVisualStudioVersion = 10.0.40219.1
Project("{FAE04EC0-301F-11D3-BF4B-00C04F79EFBC}") = "01_Math_Operations", "01_Math_Operations\01_Math_Operations.csproj", "{36F2ADB8-140D-4536-A80A-A135D1568C52}"
EndProject
Project("{FAE04EC0-301F-11D3-BF4B-00C04F79EFBC}") = "02_Animals", "02_Animals\02_Animals.csproj", "{4408BF6F-F745-4129-B2E0-85BDF78CA35B}"
EndProject
Project("{FAE04EC0-301F-11D3-BF4B-00C04F79EFBC}") = "03_Shapes", "03_Shapes\03_Shapes.csproj", "{08E9D189-19D0-47FF-8EC8-2D2800D76DBB}"
EndProject
Global
	GlobalSection(SolutionConfigurationPlatforms) = preSolution
		Debug|Any CPU = Debug|Any CPU
		Release|Any CPU = Release|Any CPU
	EndGlobalSection
	GlobalSection(ProjectConfigurationPlatforms) = postSolution
		{36F2ADB8-140D-4536-A80A-A135D1568C52}.Debug|Any CPU.ActiveCfg = Debug|Any CPU
		{36F2ADB8-140D-4536-A80A-A135D1568C52}.Debug|Any CPU.Build.0 = Debug|Any CPU
		{36F2ADB8-140D-4536-A80A-A135D1568C52}.Release|Any CPU.ActiveCfg = Release|Any CPU
		{36F2ADB8-140D-4536-A80A-A135D1568C52}.Release|Any CPU.Build.0 = Release|Any CPU
		{4408BF6F-F745-4129-B2E0-85BDF78CA35B}.Debug|Any CPU.ActiveCfg = Debug|Any CPU
		{4408BF6F-F745-4129-B2E0-85BDF78CA35B}.Debug|Any CPU.Build.0 = Debug|Any CPU
		{4408BF6F-F745-4129-B2E0-85BDF78CA35B}.Release|Any CPU.ActiveCfg = Release|Any CPU
		{4408BF6F-F745-4129-B2E0-85BDF78CA35B}.Release|Any CPU.Build.0 = Release|Any CPU
		{08E9D189-19D0-47FF-8EC8-2D2800D76DBB}.Debug|Any CPU.ActiveCfg = Debug|Any CPU
		{08E9D189-19D0-47FF-8EC8-2D2800D76DBB}.Debug|Any CPU.Build.0 = Debug|Any CPU
		{08E9D189-19D0-47FF-8EC8-2D2800D76DBB}.Release|Any CPU.ActiveCfg = Release|Any CPU
		{08E9D189-19D0-47FF-8EC8-2D2800D76DBB}.Release|Any CPU.Build.0 = Release|Any CPU
	EndGlobalSection
	GlobalSection(SolutionProperties) = preSolution
		HideSolutionNode = FALSE
	EndGlobalSection
	GlobalSection(ExtensibilityGlobals) = postSolution
		SolutionGuid = {416F3816-274A-4B29-8910-D952A20A438C}
	EndGlobalSection
EndGlobal
